// !$*UTF8*$!
{
	archiveVersion = 1;
	classes = {
	};
	objectVersion = 56;
	objects = {

/* Begin PBXBuildFile section */
		4C27E6FC2D4C991300AF6FEA /* FontAndColor.swift in Sources */ = {isa = PBXBuildFile; fileRef = 4C27E6FB2D4C991300AF6FEA /* FontAndColor.swift */; };
		4C27E6FF2D4C994600AF6FEA /* OnboardingPage.swift in Sources */ = {isa = PBXBuildFile; fileRef = 4C27E6FE2D4C994600AF6FEA /* OnboardingPage.swift */; };
		4C27E7032D4CA2B200AF6FEA /* SFProText-Regular.otf in Resources */ = {isa = PBXBuildFile; fileRef = 4C27E7012D4CA2B200AF6FEA /* SFProText-Regular.otf */; };
		4C27E7042D4CA2B200AF6FEA /* SFProText-Bold.otf in Resources */ = {isa = PBXBuildFile; fileRef = 4C27E7022D4CA2B200AF6FEA /* SFProText-Bold.otf */; };
		4C27E7072D4CAE5500AF6FEA /* Constants.swift in Sources */ = {isa = PBXBuildFile; fileRef = 4C27E7062D4CAE5500AF6FEA /* Constants.swift */; };
		4C27E70A2D4CAF2600AF6FEA /* OnboardingViewModel.swift in Sources */ = {isa = PBXBuildFile; fileRef = 4C27E7092D4CAF2600AF6FEA /* OnboardingViewModel.swift */; };
		4C27E70C2D4CB11A00AF6FEA /* OnboardingPageView.swift in Sources */ = {isa = PBXBuildFile; fileRef = 4C27E70B2D4CB11A00AF6FEA /* OnboardingPageView.swift */; };
		4C27E70E2D4CB66D00AF6FEA /* HomeTabView.swift in Sources */ = {isa = PBXBuildFile; fileRef = 4C27E70D2D4CB66D00AF6FEA /* HomeTabView.swift */; };
		4C5CB2EE2D4B82E7006427A5 /* HealexaApp.swift in Sources */ = {isa = PBXBuildFile; fileRef = 4C5CB2ED2D4B82E7006427A5 /* HealexaApp.swift */; };
		4C5CB2F22D4B82E9006427A5 /* Assets.xcassets in Resources */ = {isa = PBXBuildFile; fileRef = 4C5CB2F12D4B82E9006427A5 /* Assets.xcassets */; };
		4C5CB2F52D4B82E9006427A5 /* Preview Assets.xcassets in Resources */ = {isa = PBXBuildFile; fileRef = 4C5CB2F42D4B82E9006427A5 /* Preview Assets.xcassets */; };
		4C5CB2FD2D4B83A8006427A5 /* OnBoardingView.swift in Sources */ = {isa = PBXBuildFile; fileRef = 4C5CB2FC2D4B83A8006427A5 /* OnBoardingView.swift */; };
		4C5CB2FF2D4B86C6006427A5 /* ColorAssets.xcassets in Resources */ = {isa = PBXBuildFile; fileRef = 4C5CB2FE2D4B86C6006427A5 /* ColorAssets.xcassets */; };
		4C5CB3012D4B87A8006427A5 /* ImageAssetName.swift in Sources */ = {isa = PBXBuildFile; fileRef = 4C5CB3002D4B87A8006427A5 /* ImageAssetName.swift */; };
		4C6E6E812D509971008175E0 /* ProfileHeaderView.swift in Sources */ = {isa = PBXBuildFile; fileRef = 4C6E6E802D509971008175E0 /* ProfileHeaderView.swift */; };
		4C6E6E832D509999008175E0 /* HomeView.swift in Sources */ = {isa = PBXBuildFile; fileRef = 4C6E6E822D509999008175E0 /* HomeView.swift */; };
		4C6E6E852D5099A7008175E0 /* AppointmentView.swift in Sources */ = {isa = PBXBuildFile; fileRef = 4C6E6E842D5099A7008175E0 /* AppointmentView.swift */; };
		4C6E6E872D5099B1008175E0 /* MessageView.swift in Sources */ = {isa = PBXBuildFile; fileRef = 4C6E6E862D5099B1008175E0 /* MessageView.swift */; };
		4C6E6E892D5099BA008175E0 /* SettingsView.swift in Sources */ = {isa = PBXBuildFile; fileRef = 4C6E6E882D5099BA008175E0 /* SettingsView.swift */; };
		4C6E6E8B2D5099DB008175E0 /* CustomTabBarButton.swift in Sources */ = {isa = PBXBuildFile; fileRef = 4C6E6E8A2D5099DB008175E0 /* CustomTabBarButton.swift */; };
		4C6E6E8D2D509E8A008175E0 /* SearchBarView.swift in Sources */ = {isa = PBXBuildFile; fileRef = 4C6E6E8C2D509E8A008175E0 /* SearchBarView.swift */; };
		4C6E6E8F2D509FAB008175E0 /* FixedSpacer.swift in Sources */ = {isa = PBXBuildFile; fileRef = 4C6E6E8E2D509FAB008175E0 /* FixedSpacer.swift */; };
		4C6E6E912D50A5CF008175E0 /* SectionWithScrollableCardsView.swift in Sources */ = {isa = PBXBuildFile; fileRef = 4C6E6E902D50A5CF008175E0 /* SectionWithScrollableCardsView.swift */; };
		4C6E6E932D50D331008175E0 /* DoctorListView.swift in Sources */ = {isa = PBXBuildFile; fileRef = 4C6E6E922D50D331008175E0 /* DoctorListView.swift */; };
		4C6E6E962D50DDA3008175E0 /* NavigationRouter.swift in Sources */ = {isa = PBXBuildFile; fileRef = 4C6E6E952D50DDA3008175E0 /* NavigationRouter.swift */; };
		4C6E6E982D50DDC4008175E0 /* NavigationDestination.swift in Sources */ = {isa = PBXBuildFile; fileRef = 4C6E6E972D50DDC4008175E0 /* NavigationDestination.swift */; };
		4C6E6E9A2D50EA33008175E0 /* CustomNavBarView.swift in Sources */ = {isa = PBXBuildFile; fileRef = 4C6E6E992D50EA33008175E0 /* CustomNavBarView.swift */; };
		4C6E6E9C2D51ED1A008175E0 /* CategoryListView.swift in Sources */ = {isa = PBXBuildFile; fileRef = 4C6E6E9B2D51ED1A008175E0 /* CategoryListView.swift */; };
		4C6E6E9E2D51EE4B008175E0 /* SimpleCard.swift in Sources */ = {isa = PBXBuildFile; fileRef = 4C6E6E9D2D51EE4B008175E0 /* SimpleCard.swift */; };
		4C6E6EA02D51EE58008175E0 /* MultiCard.swift in Sources */ = {isa = PBXBuildFile; fileRef = 4C6E6E9F2D51EE58008175E0 /* MultiCard.swift */; };
		4C6E6EA22D52151B008175E0 /* CategoryAndDoctorListViewModel.swift in Sources */ = {isa = PBXBuildFile; fileRef = 4C6E6EA12D52151B008175E0 /* CategoryAndDoctorListViewModel.swift */; };
		4C6E6EA42D521593008175E0 /* SimpleCardView.swift in Sources */ = {isa = PBXBuildFile; fileRef = 4C6E6EA32D521593008175E0 /* SimpleCardView.swift */; };
		4C6E6EA62D5215B2008175E0 /* MultiCardView.swift in Sources */ = {isa = PBXBuildFile; fileRef = 4C6E6EA52D5215B2008175E0 /* MultiCardView.swift */; };
		4C6E6EA92D521745008175E0 /* Logger.swift in Sources */ = {isa = PBXBuildFile; fileRef = 4C6E6EA82D521745008175E0 /* Logger.swift */; };
		4C6E6EAD2D5225DA008175E0 /* UserDefaults+Extension.swift in Sources */ = {isa = PBXBuildFile; fileRef = 4C6E6EAC2D5225DA008175E0 /* UserDefaults+Extension.swift */; };
		4C6E6EAF2D522676008175E0 /* BookAppointmentView.swift in Sources */ = {isa = PBXBuildFile; fileRef = 4C6E6EAE2D522676008175E0 /* BookAppointmentView.swift */; };
		4C6E6EB12D5281BC008175E0 /* PopupBackground.swift in Sources */ = {isa = PBXBuildFile; fileRef = 4C6E6EB02D5281BC008175E0 /* PopupBackground.swift */; };
		4C6E6EB32D5282E9008175E0 /* SFProText-Light.otf in Resources */ = {isa = PBXBuildFile; fileRef = 4C6E6EB22D5282E9008175E0 /* SFProText-Light.otf */; };
		4C6E6EB52D5282F7008175E0 /* SFProText-Medium.otf in Resources */ = {isa = PBXBuildFile; fileRef = 4C6E6EB42D5282F7008175E0 /* SFProText-Medium.otf */; };
		4C6E6EB72D528301008175E0 /* SFProText-Semibold.otf in Resources */ = {isa = PBXBuildFile; fileRef = 4C6E6EB62D528301008175E0 /* SFProText-Semibold.otf */; };
/* End PBXBuildFile section */

/* Begin PBXFileReference section */
		4C27E6FB2D4C991300AF6FEA /* FontAndColor.swift */ = {isa = PBXFileReference; lastKnownFileType = sourcecode.swift; path = FontAndColor.swift; sourceTree = "<group>"; };
		4C27E6FE2D4C994600AF6FEA /* OnboardingPage.swift */ = {isa = PBXFileReference; lastKnownFileType = sourcecode.swift; path = OnboardingPage.swift; sourceTree = "<group>"; };
		4C27E7012D4CA2B200AF6FEA /* SFProText-Regular.otf */ = {isa = PBXFileReference; lastKnownFileType = file; path = "SFProText-Regular.otf"; sourceTree = "<group>"; };
		4C27E7022D4CA2B200AF6FEA /* SFProText-Bold.otf */ = {isa = PBXFileReference; lastKnownFileType = file; path = "SFProText-Bold.otf"; sourceTree = "<group>"; };
		4C27E7052D4CA2BF00AF6FEA /* Info.plist */ = {isa = PBXFileReference; lastKnownFileType = text.plist; path = Info.plist; sourceTree = "<group>"; };
		4C27E7062D4CAE5500AF6FEA /* Constants.swift */ = {isa = PBXFileReference; lastKnownFileType = sourcecode.swift; path = Constants.swift; sourceTree = "<group>"; };
		4C27E7092D4CAF2600AF6FEA /* OnboardingViewModel.swift */ = {isa = PBXFileReference; lastKnownFileType = sourcecode.swift; path = OnboardingViewModel.swift; sourceTree = "<group>"; };
		4C27E70B2D4CB11A00AF6FEA /* OnboardingPageView.swift */ = {isa = PBXFileReference; lastKnownFileType = sourcecode.swift; path = OnboardingPageView.swift; sourceTree = "<group>"; };
		4C27E70D2D4CB66D00AF6FEA /* HomeTabView.swift */ = {isa = PBXFileReference; lastKnownFileType = sourcecode.swift; path = HomeTabView.swift; sourceTree = "<group>"; };
		4C5CB2EA2D4B82E7006427A5 /* Healexa.app */ = {isa = PBXFileReference; explicitFileType = wrapper.application; includeInIndex = 0; path = Healexa.app; sourceTree = BUILT_PRODUCTS_DIR; };
		4C5CB2ED2D4B82E7006427A5 /* HealexaApp.swift */ = {isa = PBXFileReference; lastKnownFileType = sourcecode.swift; path = HealexaApp.swift; sourceTree = "<group>"; };
		4C5CB2F12D4B82E9006427A5 /* Assets.xcassets */ = {isa = PBXFileReference; lastKnownFileType = folder.assetcatalog; path = Assets.xcassets; sourceTree = "<group>"; };
		4C5CB2F42D4B82E9006427A5 /* Preview Assets.xcassets */ = {isa = PBXFileReference; lastKnownFileType = folder.assetcatalog; path = "Preview Assets.xcassets"; sourceTree = "<group>"; };
		4C5CB2FC2D4B83A8006427A5 /* OnBoardingView.swift */ = {isa = PBXFileReference; lastKnownFileType = sourcecode.swift; path = OnBoardingView.swift; sourceTree = "<group>"; };
		4C5CB2FE2D4B86C6006427A5 /* ColorAssets.xcassets */ = {isa = PBXFileReference; lastKnownFileType = folder.assetcatalog; path = ColorAssets.xcassets; sourceTree = "<group>"; };
		4C5CB3002D4B87A8006427A5 /* ImageAssetName.swift */ = {isa = PBXFileReference; lastKnownFileType = sourcecode.swift; path = ImageAssetName.swift; sourceTree = "<group>"; };
		4C6E6E802D509971008175E0 /* ProfileHeaderView.swift */ = {isa = PBXFileReference; lastKnownFileType = sourcecode.swift; path = ProfileHeaderView.swift; sourceTree = "<group>"; };
		4C6E6E822D509999008175E0 /* HomeView.swift */ = {isa = PBXFileReference; lastKnownFileType = sourcecode.swift; path = HomeView.swift; sourceTree = "<group>"; };
		4C6E6E842D5099A7008175E0 /* AppointmentView.swift */ = {isa = PBXFileReference; lastKnownFileType = sourcecode.swift; path = AppointmentView.swift; sourceTree = "<group>"; };
		4C6E6E862D5099B1008175E0 /* MessageView.swift */ = {isa = PBXFileReference; lastKnownFileType = sourcecode.swift; path = MessageView.swift; sourceTree = "<group>"; };
		4C6E6E882D5099BA008175E0 /* SettingsView.swift */ = {isa = PBXFileReference; lastKnownFileType = sourcecode.swift; path = SettingsView.swift; sourceTree = "<group>"; };
		4C6E6E8A2D5099DB008175E0 /* CustomTabBarButton.swift */ = {isa = PBXFileReference; lastKnownFileType = sourcecode.swift; path = CustomTabBarButton.swift; sourceTree = "<group>"; };
		4C6E6E8C2D509E8A008175E0 /* SearchBarView.swift */ = {isa = PBXFileReference; lastKnownFileType = sourcecode.swift; path = SearchBarView.swift; sourceTree = "<group>"; };
		4C6E6E8E2D509FAB008175E0 /* FixedSpacer.swift */ = {isa = PBXFileReference; lastKnownFileType = sourcecode.swift; path = FixedSpacer.swift; sourceTree = "<group>"; };
		4C6E6E902D50A5CF008175E0 /* SectionWithScrollableCardsView.swift */ = {isa = PBXFileReference; lastKnownFileType = sourcecode.swift; path = SectionWithScrollableCardsView.swift; sourceTree = "<group>"; };
		4C6E6E922D50D331008175E0 /* DoctorListView.swift */ = {isa = PBXFileReference; lastKnownFileType = sourcecode.swift; path = DoctorListView.swift; sourceTree = "<group>"; };
		4C6E6E952D50DDA3008175E0 /* NavigationRouter.swift */ = {isa = PBXFileReference; lastKnownFileType = sourcecode.swift; path = NavigationRouter.swift; sourceTree = "<group>"; };
		4C6E6E972D50DDC4008175E0 /* NavigationDestination.swift */ = {isa = PBXFileReference; lastKnownFileType = sourcecode.swift; path = NavigationDestination.swift; sourceTree = "<group>"; };
		4C6E6E992D50EA33008175E0 /* CustomNavBarView.swift */ = {isa = PBXFileReference; lastKnownFileType = sourcecode.swift; path = CustomNavBarView.swift; sourceTree = "<group>"; };
		4C6E6E9B2D51ED1A008175E0 /* CategoryListView.swift */ = {isa = PBXFileReference; lastKnownFileType = sourcecode.swift; path = CategoryListView.swift; sourceTree = "<group>"; };
		4C6E6E9D2D51EE4B008175E0 /* SimpleCard.swift */ = {isa = PBXFileReference; lastKnownFileType = sourcecode.swift; path = SimpleCard.swift; sourceTree = "<group>"; };
		4C6E6E9F2D51EE58008175E0 /* MultiCard.swift */ = {isa = PBXFileReference; lastKnownFileType = sourcecode.swift; path = MultiCard.swift; sourceTree = "<group>"; };
		4C6E6EA12D52151B008175E0 /* CategoryAndDoctorListViewModel.swift */ = {isa = PBXFileReference; lastKnownFileType = sourcecode.swift; path = CategoryAndDoctorListViewModel.swift; sourceTree = "<group>"; };
		4C6E6EA32D521593008175E0 /* SimpleCardView.swift */ = {isa = PBXFileReference; lastKnownFileType = sourcecode.swift; path = SimpleCardView.swift; sourceTree = "<group>"; };
		4C6E6EA52D5215B2008175E0 /* MultiCardView.swift */ = {isa = PBXFileReference; lastKnownFileType = sourcecode.swift; path = MultiCardView.swift; sourceTree = "<group>"; };
		4C6E6EA82D521745008175E0 /* Logger.swift */ = {isa = PBXFileReference; lastKnownFileType = sourcecode.swift; path = Logger.swift; sourceTree = "<group>"; };
		4C6E6EAC2D5225DA008175E0 /* UserDefaults+Extension.swift */ = {isa = PBXFileReference; lastKnownFileType = sourcecode.swift; path = "UserDefaults+Extension.swift"; sourceTree = "<group>"; };
		4C6E6EAE2D522676008175E0 /* BookAppointmentView.swift */ = {isa = PBXFileReference; lastKnownFileType = sourcecode.swift; path = BookAppointmentView.swift; sourceTree = "<group>"; };
		4C6E6EB02D5281BC008175E0 /* PopupBackground.swift */ = {isa = PBXFileReference; lastKnownFileType = sourcecode.swift; path = PopupBackground.swift; sourceTree = "<group>"; };
		4C6E6EB22D5282E9008175E0 /* SFProText-Light.otf */ = {isa = PBXFileReference; lastKnownFileType = file; path = "SFProText-Light.otf"; sourceTree = "<group>"; };
		4C6E6EB42D5282F7008175E0 /* SFProText-Medium.otf */ = {isa = PBXFileReference; lastKnownFileType = file; path = "SFProText-Medium.otf"; sourceTree = "<group>"; };
		4C6E6EB62D528301008175E0 /* SFProText-Semibold.otf */ = {isa = PBXFileReference; lastKnownFileType = file; path = "SFProText-Semibold.otf"; sourceTree = "<group>"; };
/* End PBXFileReference section */

/* Begin PBXFrameworksBuildPhase section */
		4C5CB2E72D4B82E7006427A5 /* Frameworks */ = {
			isa = PBXFrameworksBuildPhase;
			buildActionMask = 2147483647;
			files = (
			);
			runOnlyForDeploymentPostprocessing = 0;
		};
/* End PBXFrameworksBuildPhase section */

/* Begin PBXGroup section */
		4C27E6FA2D4C98ED00AF6FEA /* SupportingFiles */ = {
			isa = PBXGroup;
			children = (
				4C5CB3002D4B87A8006427A5 /* ImageAssetName.swift */,
				4C27E6FB2D4C991300AF6FEA /* FontAndColor.swift */,
				4C27E7062D4CAE5500AF6FEA /* Constants.swift */,
				4C6E6EAC2D5225DA008175E0 /* UserDefaults+Extension.swift */,
			);
			path = SupportingFiles;
			sourceTree = "<group>";
		};
		4C27E6FD2D4C993E00AF6FEA /* Model */ = {
			isa = PBXGroup;
			children = (
				4C27E6FE2D4C994600AF6FEA /* OnboardingPage.swift */,
				4C6E6E9D2D51EE4B008175E0 /* SimpleCard.swift */,
				4C6E6E9F2D51EE58008175E0 /* MultiCard.swift */,
			);
			path = Model;
			sourceTree = "<group>";
		};
		4C27E7002D4CA2A500AF6FEA /* Fonts */ = {
			isa = PBXGroup;
			children = (
				4C27E7022D4CA2B200AF6FEA /* SFProText-Bold.otf */,
				4C27E7012D4CA2B200AF6FEA /* SFProText-Regular.otf */,
				4C6E6EB22D5282E9008175E0 /* SFProText-Light.otf */,
				4C6E6EB42D5282F7008175E0 /* SFProText-Medium.otf */,
				4C6E6EB62D528301008175E0 /* SFProText-Semibold.otf */,
			);
			path = Fonts;
			sourceTree = "<group>";
		};
		4C27E7082D4CAF1500AF6FEA /* ViewModel */ = {
			isa = PBXGroup;
			children = (
				4C27E7092D4CAF2600AF6FEA /* OnboardingViewModel.swift */,
				4C6E6EA12D52151B008175E0 /* CategoryAndDoctorListViewModel.swift */,
			);
			path = ViewModel;
			sourceTree = "<group>";
		};
		4C5CB2E12D4B82E7006427A5 = {
			isa = PBXGroup;
			children = (
				4C5CB2EC2D4B82E7006427A5 /* Healexa */,
				4C5CB2EB2D4B82E7006427A5 /* Products */,
			);
			sourceTree = "<group>";
		};
		4C5CB2EB2D4B82E7006427A5 /* Products */ = {
			isa = PBXGroup;
			children = (
				4C5CB2EA2D4B82E7006427A5 /* Healexa.app */,
			);
			name = Products;
			sourceTree = "<group>";
		};
		4C5CB2EC2D4B82E7006427A5 /* Healexa */ = {
			isa = PBXGroup;
			children = (
				4C6E6EA72D521739008175E0 /* Logger */,
				4C6E6E942D50DD92008175E0 /* Navigation */,
				4C6E6E7F2D509958008175E0 /* Reusable Components */,
				4C27E7052D4CA2BF00AF6FEA /* Info.plist */,
				4C27E7002D4CA2A500AF6FEA /* Fonts */,
				4C27E6FA2D4C98ED00AF6FEA /* SupportingFiles */,
				4C27E6FD2D4C993E00AF6FEA /* Model */,
				4C5CB2FB2D4B8399006427A5 /* View */,
				4C27E7082D4CAF1500AF6FEA /* ViewModel */,
				4C5CB2ED2D4B82E7006427A5 /* HealexaApp.swift */,
				4C5CB2FE2D4B86C6006427A5 /* ColorAssets.xcassets */,
				4C5CB2F12D4B82E9006427A5 /* Assets.xcassets */,
				4C5CB2F32D4B82E9006427A5 /* Preview Content */,
			);
			path = Healexa;
			sourceTree = "<group>";
		};
		4C5CB2F32D4B82E9006427A5 /* Preview Content */ = {
			isa = PBXGroup;
			children = (
				4C5CB2F42D4B82E9006427A5 /* Preview Assets.xcassets */,
			);
			path = "Preview Content";
			sourceTree = "<group>";
		};
		4C5CB2FB2D4B8399006427A5 /* View */ = {
			isa = PBXGroup;
			children = (
				4C5CB2FC2D4B83A8006427A5 /* OnBoardingView.swift */,
				4C27E70B2D4CB11A00AF6FEA /* OnboardingPageView.swift */,
				4C27E70D2D4CB66D00AF6FEA /* HomeTabView.swift */,
				4C6E6E822D509999008175E0 /* HomeView.swift */,
				4C6E6E842D5099A7008175E0 /* AppointmentView.swift */,
				4C6E6E862D5099B1008175E0 /* MessageView.swift */,
				4C6E6E882D5099BA008175E0 /* SettingsView.swift */,
				4C6E6E922D50D331008175E0 /* DoctorListView.swift */,
				4C6E6E9B2D51ED1A008175E0 /* CategoryListView.swift */,
				4C6E6EA32D521593008175E0 /* SimpleCardView.swift */,
				4C6E6EA52D5215B2008175E0 /* MultiCardView.swift */,
				4C6E6EAE2D522676008175E0 /* BookAppointmentView.swift */,
			);
			path = View;
			sourceTree = "<group>";
		};
		4C6E6E7F2D509958008175E0 /* Reusable Components */ = {
			isa = PBXGroup;
			children = (
				4C6E6E802D509971008175E0 /* ProfileHeaderView.swift */,
				4C6E6E8A2D5099DB008175E0 /* CustomTabBarButton.swift */,
				4C6E6E8C2D509E8A008175E0 /* SearchBarView.swift */,
				4C6E6E8E2D509FAB008175E0 /* FixedSpacer.swift */,
				4C6E6E902D50A5CF008175E0 /* SectionWithScrollableCardsView.swift */,
				4C6E6E992D50EA33008175E0 /* CustomNavBarView.swift */,
				4C6E6EB02D5281BC008175E0 /* PopupBackground.swift */,
			);
			path = "Reusable Components";
			sourceTree = "<group>";
		};
		4C6E6E942D50DD92008175E0 /* Navigation */ = {
			isa = PBXGroup;
			children = (
				4C6E6E952D50DDA3008175E0 /* NavigationRouter.swift */,
				4C6E6E972D50DDC4008175E0 /* NavigationDestination.swift */,
			);
			path = Navigation;
			sourceTree = "<group>";
		};
		4C6E6EA72D521739008175E0 /* Logger */ = {
			isa = PBXGroup;
			children = (
				4C6E6EA82D521745008175E0 /* Logger.swift */,
			);
			path = Logger;
			sourceTree = "<group>";
		};
/* End PBXGroup section */

/* Begin PBXNativeTarget section */
		4C5CB2E92D4B82E7006427A5 /* Healexa */ = {
			isa = PBXNativeTarget;
			buildConfigurationList = 4C5CB2F82D4B82E9006427A5 /* Build configuration list for PBXNativeTarget "Healexa" */;
			buildPhases = (
				4C5CB2E62D4B82E7006427A5 /* Sources */,
				4C5CB2E72D4B82E7006427A5 /* Frameworks */,
				4C5CB2E82D4B82E7006427A5 /* Resources */,
			);
			buildRules = (
			);
			dependencies = (
			);
			name = Healexa;
			productName = Healexa;
			productReference = 4C5CB2EA2D4B82E7006427A5 /* Healexa.app */;
			productType = "com.apple.product-type.application";
		};
/* End PBXNativeTarget section */

/* Begin PBXProject section */
		4C5CB2E22D4B82E7006427A5 /* Project object */ = {
			isa = PBXProject;
			attributes = {
				BuildIndependentTargetsInParallel = 1;
				LastSwiftUpdateCheck = 1540;
				LastUpgradeCheck = 1540;
				TargetAttributes = {
					4C5CB2E92D4B82E7006427A5 = {
						CreatedOnToolsVersion = 15.4;
					};
				};
			};
			buildConfigurationList = 4C5CB2E52D4B82E7006427A5 /* Build configuration list for PBXProject "Healexa" */;
			compatibilityVersion = "Xcode 14.0";
			developmentRegion = en;
			hasScannedForEncodings = 0;
			knownRegions = (
				en,
				Base,
			);
			mainGroup = 4C5CB2E12D4B82E7006427A5;
			productRefGroup = 4C5CB2EB2D4B82E7006427A5 /* Products */;
			projectDirPath = "";
			projectRoot = "";
			targets = (
				4C5CB2E92D4B82E7006427A5 /* Healexa */,
			);
		};
/* End PBXProject section */

/* Begin PBXResourcesBuildPhase section */
		4C5CB2E82D4B82E7006427A5 /* Resources */ = {
			isa = PBXResourcesBuildPhase;
			buildActionMask = 2147483647;
			files = (
				4C5CB2F52D4B82E9006427A5 /* Preview Assets.xcassets in Resources */,
				4C5CB2FF2D4B86C6006427A5 /* ColorAssets.xcassets in Resources */,
				4C6E6EB32D5282E9008175E0 /* SFProText-Light.otf in Resources */,
				4C27E7042D4CA2B200AF6FEA /* SFProText-Bold.otf in Resources */,
				4C6E6EB72D528301008175E0 /* SFProText-Semibold.otf in Resources */,
				4C27E7032D4CA2B200AF6FEA /* SFProText-Regular.otf in Resources */,
				4C6E6EB52D5282F7008175E0 /* SFProText-Medium.otf in Resources */,
				4C5CB2F22D4B82E9006427A5 /* Assets.xcassets in Resources */,
			);
			runOnlyForDeploymentPostprocessing = 0;
		};
/* End PBXResourcesBuildPhase section */

/* Begin PBXSourcesBuildPhase section */
		4C5CB2E62D4B82E7006427A5 /* Sources */ = {
			isa = PBXSourcesBuildPhase;
			buildActionMask = 2147483647;
			files = (
				4C6E6E8B2D5099DB008175E0 /* CustomTabBarButton.swift in Sources */,
				4C6E6E982D50DDC4008175E0 /* NavigationDestination.swift in Sources */,
				4C6E6EAF2D522676008175E0 /* BookAppointmentView.swift in Sources */,
				4C5CB2FD2D4B83A8006427A5 /* OnBoardingView.swift in Sources */,
				4C6E6EB12D5281BC008175E0 /* PopupBackground.swift in Sources */,
				4C6E6EA42D521593008175E0 /* SimpleCardView.swift in Sources */,
				4C6E6EA22D52151B008175E0 /* CategoryAndDoctorListViewModel.swift in Sources */,
				4C6E6EA92D521745008175E0 /* Logger.swift in Sources */,
				4C5CB3012D4B87A8006427A5 /* ImageAssetName.swift in Sources */,
				4C27E6FC2D4C991300AF6FEA /* FontAndColor.swift in Sources */,
				4C6E6E9C2D51ED1A008175E0 /* CategoryListView.swift in Sources */,
				4C6E6E8D2D509E8A008175E0 /* SearchBarView.swift in Sources */,
				4C27E70E2D4CB66D00AF6FEA /* HomeTabView.swift in Sources */,
				4C5CB2EE2D4B82E7006427A5 /* HealexaApp.swift in Sources */,
				4C6E6E912D50A5CF008175E0 /* SectionWithScrollableCardsView.swift in Sources */,
				4C6E6E872D5099B1008175E0 /* MessageView.swift in Sources */,
				4C6E6E832D509999008175E0 /* HomeView.swift in Sources */,
				4C6E6E892D5099BA008175E0 /* SettingsView.swift in Sources */,
				4C27E6FF2D4C994600AF6FEA /* OnboardingPage.swift in Sources */,
				4C27E70A2D4CAF2600AF6FEA /* OnboardingViewModel.swift in Sources */,
				4C6E6E9E2D51EE4B008175E0 /* SimpleCard.swift in Sources */,
				4C6E6EA62D5215B2008175E0 /* MultiCardView.swift in Sources */,
				4C6E6E812D509971008175E0 /* ProfileHeaderView.swift in Sources */,
				4C6E6E932D50D331008175E0 /* DoctorListView.swift in Sources */,
				4C27E70C2D4CB11A00AF6FEA /* OnboardingPageView.swift in Sources */,
				4C6E6E9A2D50EA33008175E0 /* CustomNavBarView.swift in Sources */,
				4C6E6E8F2D509FAB008175E0 /* FixedSpacer.swift in Sources */,
				4C6E6EA02D51EE58008175E0 /* MultiCard.swift in Sources */,
				4C6E6E852D5099A7008175E0 /* AppointmentView.swift in Sources */,
				4C6E6E962D50DDA3008175E0 /* NavigationRouter.swift in Sources */,
				4C6E6EAD2D5225DA008175E0 /* UserDefaults+Extension.swift in Sources */,
				4C27E7072D4CAE5500AF6FEA /* Constants.swift in Sources */,
			);
			runOnlyForDeploymentPostprocessing = 0;
		};
/* End PBXSourcesBuildPhase section */

/* Begin XCBuildConfiguration section */
		4C5CB2F62D4B82E9006427A5 /* Debug */ = {
			isa = XCBuildConfiguration;
			buildSettings = {
				ALWAYS_SEARCH_USER_PATHS = NO;
				ASSETCATALOG_COMPILER_GENERATE_SWIFT_ASSET_SYMBOL_EXTENSIONS = YES;
				CLANG_ANALYZER_NONNULL = YES;
				CLANG_ANALYZER_NUMBER_OBJECT_CONVERSION = YES_AGGRESSIVE;
				CLANG_CXX_LANGUAGE_STANDARD = "gnu++20";
				CLANG_ENABLE_MODULES = YES;
				CLANG_ENABLE_OBJC_ARC = YES;
				CLANG_ENABLE_OBJC_WEAK = YES;
				CLANG_WARN_BLOCK_CAPTURE_AUTORELEASING = YES;
				CLANG_WARN_BOOL_CONVERSION = YES;
				CLANG_WARN_COMMA = YES;
				CLANG_WARN_CONSTANT_CONVERSION = YES;
				CLANG_WARN_DEPRECATED_OBJC_IMPLEMENTATIONS = YES;
				CLANG_WARN_DIRECT_OBJC_ISA_USAGE = YES_ERROR;
				CLANG_WARN_DOCUMENTATION_COMMENTS = YES;
				CLANG_WARN_EMPTY_BODY = YES;
				CLANG_WARN_ENUM_CONVERSION = YES;
				CLANG_WARN_INFINITE_RECURSION = YES;
				CLANG_WARN_INT_CONVERSION = YES;
				CLANG_WARN_NON_LITERAL_NULL_CONVERSION = YES;
				CLANG_WARN_OBJC_IMPLICIT_RETAIN_SELF = YES;
				CLANG_WARN_OBJC_LITERAL_CONVERSION = YES;
				CLANG_WARN_OBJC_ROOT_CLASS = YES_ERROR;
				CLANG_WARN_QUOTED_INCLUDE_IN_FRAMEWORK_HEADER = YES;
				CLANG_WARN_RANGE_LOOP_ANALYSIS = YES;
				CLANG_WARN_STRICT_PROTOTYPES = YES;
				CLANG_WARN_SUSPICIOUS_MOVE = YES;
				CLANG_WARN_UNGUARDED_AVAILABILITY = YES_AGGRESSIVE;
				CLANG_WARN_UNREACHABLE_CODE = YES;
				CLANG_WARN__DUPLICATE_METHOD_MATCH = YES;
				COPY_PHASE_STRIP = NO;
				DEBUG_INFORMATION_FORMAT = dwarf;
				ENABLE_STRICT_OBJC_MSGSEND = YES;
				ENABLE_TESTABILITY = YES;
				ENABLE_USER_SCRIPT_SANDBOXING = YES;
				GCC_C_LANGUAGE_STANDARD = gnu17;
				GCC_DYNAMIC_NO_PIC = NO;
				GCC_NO_COMMON_BLOCKS = YES;
				GCC_OPTIMIZATION_LEVEL = 0;
				GCC_PREPROCESSOR_DEFINITIONS = (
					"DEBUG=1",
					"$(inherited)",
				);
				GCC_WARN_64_TO_32_BIT_CONVERSION = YES;
				GCC_WARN_ABOUT_RETURN_TYPE = YES_ERROR;
				GCC_WARN_UNDECLARED_SELECTOR = YES;
				GCC_WARN_UNINITIALIZED_AUTOS = YES_AGGRESSIVE;
				GCC_WARN_UNUSED_FUNCTION = YES;
				GCC_WARN_UNUSED_VARIABLE = YES;
				IPHONEOS_DEPLOYMENT_TARGET = 16.0;
				LOCALIZATION_PREFERS_STRING_CATALOGS = YES;
				MTL_ENABLE_DEBUG_INFO = INCLUDE_SOURCE;
				MTL_FAST_MATH = YES;
				ONLY_ACTIVE_ARCH = YES;
				SDKROOT = iphoneos;
				SWIFT_ACTIVE_COMPILATION_CONDITIONS = "DEBUG $(inherited)";
				SWIFT_OPTIMIZATION_LEVEL = "-Onone";
			};
			name = Debug;
		};
		4C5CB2F72D4B82E9006427A5 /* Release */ = {
			isa = XCBuildConfiguration;
			buildSettings = {
				ALWAYS_SEARCH_USER_PATHS = NO;
				ASSETCATALOG_COMPILER_GENERATE_SWIFT_ASSET_SYMBOL_EXTENSIONS = YES;
				CLANG_ANALYZER_NONNULL = YES;
				CLANG_ANALYZER_NUMBER_OBJECT_CONVERSION = YES_AGGRESSIVE;
				CLANG_CXX_LANGUAGE_STANDARD = "gnu++20";
				CLANG_ENABLE_MODULES = YES;
				CLANG_ENABLE_OBJC_ARC = YES;
				CLANG_ENABLE_OBJC_WEAK = YES;
				CLANG_WARN_BLOCK_CAPTURE_AUTORELEASING = YES;
				CLANG_WARN_BOOL_CONVERSION = YES;
				CLANG_WARN_COMMA = YES;
				CLANG_WARN_CONSTANT_CONVERSION = YES;
				CLANG_WARN_DEPRECATED_OBJC_IMPLEMENTATIONS = YES;
				CLANG_WARN_DIRECT_OBJC_ISA_USAGE = YES_ERROR;
				CLANG_WARN_DOCUMENTATION_COMMENTS = YES;
				CLANG_WARN_EMPTY_BODY = YES;
				CLANG_WARN_ENUM_CONVERSION = YES;
				CLANG_WARN_INFINITE_RECURSION = YES;
				CLANG_WARN_INT_CONVERSION = YES;
				CLANG_WARN_NON_LITERAL_NULL_CONVERSION = YES;
				CLANG_WARN_OBJC_IMPLICIT_RETAIN_SELF = YES;
				CLANG_WARN_OBJC_LITERAL_CONVERSION = YES;
				CLANG_WARN_OBJC_ROOT_CLASS = YES_ERROR;
				CLANG_WARN_QUOTED_INCLUDE_IN_FRAMEWORK_HEADER = YES;
				CLANG_WARN_RANGE_LOOP_ANALYSIS = YES;
				CLANG_WARN_STRICT_PROTOTYPES = YES;
				CLANG_WARN_SUSPICIOUS_MOVE = YES;
				CLANG_WARN_UNGUARDED_AVAILABILITY = YES_AGGRESSIVE;
				CLANG_WARN_UNREACHABLE_CODE = YES;
				CLANG_WARN__DUPLICATE_METHOD_MATCH = YES;
				COPY_PHASE_STRIP = NO;
				DEBUG_INFORMATION_FORMAT = "dwarf-with-dsym";
				ENABLE_NS_ASSERTIONS = NO;
				ENABLE_STRICT_OBJC_MSGSEND = YES;
				ENABLE_USER_SCRIPT_SANDBOXING = YES;
				GCC_C_LANGUAGE_STANDARD = gnu17;
				GCC_NO_COMMON_BLOCKS = YES;
				GCC_WARN_64_TO_32_BIT_CONVERSION = YES;
				GCC_WARN_ABOUT_RETURN_TYPE = YES_ERROR;
				GCC_WARN_UNDECLARED_SELECTOR = YES;
				GCC_WARN_UNINITIALIZED_AUTOS = YES_AGGRESSIVE;
				GCC_WARN_UNUSED_FUNCTION = YES;
				GCC_WARN_UNUSED_VARIABLE = YES;
				IPHONEOS_DEPLOYMENT_TARGET = 16.0;
				LOCALIZATION_PREFERS_STRING_CATALOGS = YES;
				MTL_ENABLE_DEBUG_INFO = NO;
				MTL_FAST_MATH = YES;
				SDKROOT = iphoneos;
				SWIFT_COMPILATION_MODE = wholemodule;
				VALIDATE_PRODUCT = YES;
			};
			name = Release;
		};
		4C5CB2F92D4B82E9006427A5 /* Debug */ = {
			isa = XCBuildConfiguration;
			buildSettings = {
				ASSETCATALOG_COMPILER_APPICON_NAME = AppIcon;
				ASSETCATALOG_COMPILER_GLOBAL_ACCENT_COLOR_NAME = AccentColor;
				CODE_SIGN_STYLE = Automatic;
				CURRENT_PROJECT_VERSION = 1;
				DEVELOPMENT_ASSET_PATHS = "\"Healexa/Preview Content\"";
				DEVELOPMENT_TEAM = 2695LM6CPP;
				ENABLE_PREVIEWS = YES;
				GENERATE_INFOPLIST_FILE = YES;
				INFOPLIST_FILE = Healexa/Info.plist;
				INFOPLIST_KEY_UIApplicationSceneManifest_Generation = YES;
				INFOPLIST_KEY_UIApplicationSupportsIndirectInputEvents = YES;
				INFOPLIST_KEY_UILaunchScreen_Generation = YES;
				INFOPLIST_KEY_UISupportedInterfaceOrientations_iPad = "UIInterfaceOrientationPortrait UIInterfaceOrientationPortraitUpsideDown UIInterfaceOrientationLandscapeLeft UIInterfaceOrientationLandscapeRight";
				INFOPLIST_KEY_UISupportedInterfaceOrientations_iPhone = "UIInterfaceOrientationPortrait UIInterfaceOrientationLandscapeLeft UIInterfaceOrientationLandscapeRight";
				IPHONEOS_DEPLOYMENT_TARGET = 16.0;
				LD_RUNPATH_SEARCH_PATHS = (
					"$(inherited)",
					"@executable_path/Frameworks",
				);
				MARKETING_VERSION = 1.0;
				PRODUCT_BUNDLE_IDENTIFIER = com.example.com.Healexa;
				PRODUCT_NAME = "$(TARGET_NAME)";
				SWIFT_EMIT_LOC_STRINGS = YES;
				SWIFT_VERSION = 5.0;
				TARGETED_DEVICE_FAMILY = "1,2";
			};
			name = Debug;
		};
		4C5CB2FA2D4B82E9006427A5 /* Release */ = {
			isa = XCBuildConfiguration;
			buildSettings = {
				ASSETCATALOG_COMPILER_APPICON_NAME = AppIcon;
				ASSETCATALOG_COMPILER_GLOBAL_ACCENT_COLOR_NAME = AccentColor;
				CODE_SIGN_STYLE = Automatic;
				CURRENT_PROJECT_VERSION = 1;
				DEVELOPMENT_ASSET_PATHS = "\"Healexa/Preview Content\"";
				DEVELOPMENT_TEAM = 2695LM6CPP;
				ENABLE_PREVIEWS = YES;
				GENERATE_INFOPLIST_FILE = YES;
				INFOPLIST_FILE = Healexa/Info.plist;
				INFOPLIST_KEY_UIApplicationSceneManifest_Generation = YES;
				INFOPLIST_KEY_UIApplicationSupportsIndirectInputEvents = YES;
				INFOPLIST_KEY_UILaunchScreen_Generation = YES;
				INFOPLIST_KEY_UISupportedInterfaceOrientations_iPad = "UIInterfaceOrientationPortrait UIInterfaceOrientationPortraitUpsideDown UIInterfaceOrientationLandscapeLeft UIInterfaceOrientationLandscapeRight";
				INFOPLIST_KEY_UISupportedInterfaceOrientations_iPhone = "UIInterfaceOrientationPortrait UIInterfaceOrientationLandscapeLeft UIInterfaceOrientationLandscapeRight";
				IPHONEOS_DEPLOYMENT_TARGET = 16.0;
				LD_RUNPATH_SEARCH_PATHS = (
					"$(inherited)",
					"@executable_path/Frameworks",
				);
				MARKETING_VERSION = 1.0;
				PRODUCT_BUNDLE_IDENTIFIER = com.example.com.Healexa;
				PRODUCT_NAME = "$(TARGET_NAME)";
				SWIFT_EMIT_LOC_STRINGS = YES;
				SWIFT_VERSION = 5.0;
				TARGETED_DEVICE_FAMILY = "1,2";
			};
			name = Release;
		};
/* End XCBuildConfiguration section */

/* Begin XCConfigurationList section */
		4C5CB2E52D4B82E7006427A5 /* Build configuration list for PBXProject "Healexa" */ = {
			isa = XCConfigurationList;
			buildConfigurations = (
				4C5CB2F62D4B82E9006427A5 /* Debug */,
				4C5CB2F72D4B82E9006427A5 /* Release */,
			);
			defaultConfigurationIsVisible = 0;
			defaultConfigurationName = Release;
		};
		4C5CB2F82D4B82E9006427A5 /* Build configuration list for PBXNativeTarget "Healexa" */ = {
			isa = XCConfigurationList;
			buildConfigurations = (
				4C5CB2F92D4B82E9006427A5 /* Debug */,
				4C5CB2FA2D4B82E9006427A5 /* Release */,
			);
			defaultConfigurationIsVisible = 0;
			defaultConfigurationName = Release;
		};
/* End XCConfigurationList section */
	};
	rootObject = 4C5CB2E22D4B82E7006427A5 /* Project object */;
}
